// !$*UTF8*$!
{
	archiveVersion = 1;
	classes = {
	};
	objectVersion = 46;
	objects = {

/* Begin PBXBuildFile section */
		189CA06D1A64886E002CD4E7 /* TaskWorker.m in Sources */ = {isa = PBXBuildFile; fileRef = 189CA06C1A64886E002CD4E7 /* TaskWorker.m */; };
		189E64E01A6414AA0056BBC4 /* main.m in Sources */ = {isa = PBXBuildFile; fileRef = 189E64DF1A6414AA0056BBC4 /* main.m */; };
		189E64E81A6414EE0056BBC4 /* Task.m in Sources */ = {isa = PBXBuildFile; fileRef = 189E64E71A6414EE0056BBC4 /* Task.m */; };
/* End PBXBuildFile section */

/* Begin PBXCopyFilesBuildPhase section */
		189E64DA1A6414AA0056BBC4 /* CopyFiles */ = {
			isa = PBXCopyFilesBuildPhase;
			buildActionMask = 2147483647;
			dstPath = /usr/share/man/man1/;
			dstSubfolderSpec = 0;
			files = (
			);
			runOnlyForDeploymentPostprocessing = 1;
		};
/* End PBXCopyFilesBuildPhase section */

/* Begin PBXFileReference section */
		189CA06B1A64886E002CD4E7 /* TaskWorker.h */ = {isa = PBXFileReference; fileEncoding = 4; lastKnownFileType = sourcecode.c.h; path = TaskWorker.h; sourceTree = "<group>"; };
		189CA06C1A64886E002CD4E7 /* TaskWorker.m */ = {isa = PBXFileReference; fileEncoding = 4; lastKnownFileType = sourcecode.c.objc; path = TaskWorker.m; sourceTree = "<group>"; };
		189E64DC1A6414AA0056BBC4 /* DelegateTest */ = {isa = PBXFileReference; explicitFileType = "compiled.mach-o.executable"; includeInIndex = 0; path = DelegateTest; sourceTree = BUILT_PRODUCTS_DIR; };
		189E64DF1A6414AA0056BBC4 /* main.m */ = {isa = PBXFileReference; lastKnownFileType = sourcecode.c.objc; path = main.m; sourceTree = "<group>"; };
		189E64E61A6414EE0056BBC4 /* Task.h */ = {isa = PBXFileReference; fileEncoding = 4; lastKnownFileType = sourcecode.c.h; path = Task.h; sourceTree = "<group>"; };
		189E64E71A6414EE0056BBC4 /* Task.m */ = {isa = PBXFileReference; fileEncoding = 4; lastKnownFileType = sourcecode.c.objc; path = Task.m; sourceTree = "<group>"; };
/* End PBXFileReference section */

/* Begin PBXFrameworksBuildPhase section */
		189E64D91A6414AA0056BBC4 /* Frameworks */ = {
			isa = PBXFrameworksBuildPhase;
			buildActionMask = 2147483647;
			files = (
			);
			runOnlyForDeploymentPostprocessing = 0;
		};
/* End PBXFrameworksBuildPhase section */

/* Begin PBXGroup section */
		189E64D31A6414AA0056BBC4 = {
			isa = PBXGroup;
			children = (
				189E64DE1A6414AA0056BBC4 /* DelegateTest */,
				189E64DD1A6414AA0056BBC4 /* Products */,
			);
			sourceTree = "<group>";
		};
		189E64DD1A6414AA0056BBC4 /* Products */ = {
			isa = PBXGroup;
			children = (
				189E64DC1A6414AA0056BBC4 /* DelegateTest */,
			);
			name = Products;
			sourceTree = "<group>";
		};
		189E64DE1A6414AA0056BBC4 /* DelegateTest */ = {
			isa = PBXGroup;
			children = (
				189E64DF1A6414AA0056BBC4 /* main.m */,
				189CA06B1A64886E002CD4E7 /* TaskWorker.h */,
				189CA06C1A64886E002CD4E7 /* TaskWorker.m */,
				189E64E61A6414EE0056BBC4 /* Task.h */,
				189E64E71A6414EE0056BBC4 /* Task.m */,
			);
			path = DelegateTest;
			sourceTree = "<group>";
		};
/* End PBXGroup section */

/* Begin PBXNativeTarget section */
		189E64DB1A6414AA0056BBC4 /* DelegateTest */ = {
			isa = PBXNativeTarget;
			buildConfigurationList = 189E64E31A6414AA0056BBC4 /* Build configuration list for PBXNativeTarget "DelegateTest" */;
			buildPhases = (
				189E64D81A6414AA0056BBC4 /* Sources */,
				189E64D91A6414AA0056BBC4 /* Frameworks */,
				189E64DA1A6414AA0056BBC4 /* CopyFiles */,
			);
			buildRules = (
			);
			dependencies = (
			);
			name = DelegateTest;
			productName = DelegateTest;
			productReference = 189E64DC1A6414AA0056BBC4 /* DelegateTest */;
			productType = "com.apple.product-type.tool";
		};
/* End PBXNativeTarget section */

/* Begin PBXProject section */
		189E64D41A6414AA0056BBC4 /* Project object */ = {
			isa = PBXProject;
			attributes = {
				LastUpgradeCheck = 0610;
				ORGANIZATIONNAME = thinker;
				TargetAttributes = {
					189E64DB1A6414AA0056BBC4 = {
						CreatedOnToolsVersion = 6.1.1;
					};
				};
			};
			buildConfigurationList = 189E64D71A6414AA0056BBC4 /* Build configuration list for PBXProject "DelegateTest" */;
			compatibilityVersion = "Xcode 3.2";
			developmentRegion = English;
			hasScannedForEncodings = 0;
			knownRegions = (
				en,
			);
			mainGroup = 189E64D31A6414AA0056BBC4;
			productRefGroup = 189E64DD1A6414AA0056BBC4 /* Products */;
			projectDirPath = "";
			projectRoot = "";
			targets = (
				189E64DB1A6414AA0056BBC4 /* DelegateTest */,
			);
		};
/* End PBXProject section */

/* Begin PBXSourcesBuildPhase section */
		189E64D81A6414AA0056BBC4 /* Sources */ = {
			isa = PBXSourcesBuildPhase;
			buildActionMask = 2147483647;
			files = (
				189E64E01A6414AA0056BBC4 /* main.m in Sources */,
				189E64E81A6414EE0056BBC4 /* Task.m in Sources */,
				189CA06D1A64886E002CD4E7 /* TaskWorker.m in Sources */,
			);
			runOnlyForDeploymentPostprocessing = 0;
		};
/* End PBXSourcesBuildPhase section */

/* Begin XCBuildConfiguration section */
		189E64E11A6414AA0056BBC4 /* Debug */ = {
			isa = XCBuildConfiguration;
			buildSettings = {
				ALWAYS_SEARCH_USER_PATHS = NO;
				CLANG_CXX_LANGUAGE_STANDARD = "gnu++0x";
				CLANG_CXX_LIBRARY = "libc++";
				CLANG_ENABLE_MODULES = YES;
				CLANG_ENABLE_OBJC_ARC = YES;
				CLANG_WARN_BOOL_CONVERSION = YES;
				CLANG_WARN_CONSTANT_CONVERSION = YES;
				CLANG_WARN_DIRECT_OBJC_ISA_USAGE = YES_ERROR;
				CLANG_WARN_EMPTY_BODY = YES;
				CLANG_WARN_ENUM_CONVERSION = YES;
				CLANG_WARN_INT_CONVERSION = YES;
				CLANG_WARN_OBJC_ROOT_CLASS = YES_ERROR;
				CLANG_WARN_UNREACHABLE_CODE = YES;
				CLANG_WARN__DUPLICATE_METHOD_MATCH = YES;
				COPY_PHASE_STRIP = NO;
				ENABLE_STRICT_OBJC_MSGSEND = YES;
				GCC_C_LANGUAGE_STANDARD = gnu99;
				GCC_DYNAMIC_NO_PIC = NO;
				GCC_OPTIMIZATION_LEVEL = 0;
				GCC_PREPROCESSOR_DEFINITIONS = (
					"DEBUG=1",
					"$(inherited)",
				);
				GCC_SYMBOLS_PRIVATE_EXTERN = NO;
				GCC_WARN_64_TO_32_BIT_CONVERSION = YES;
				GCC_WARN_ABOUT_RETURN_TYPE = YES_ERROR;
				GCC_WARN_UNDECLARED_SELECTOR = YES;
				GCC_WARN_UNINITIALIZED_AUTOS = YES_AGGRESSIVE;
				GCC_WARN_UNUSED_FUNCTION = YES;
				GCC_WARN_UNUSED_VARIABLE = YES;
				MACOSX_DEPLOYMENT_TARGET = 10.9;
				MTL_ENABLE_DEBUG_INFO = YES;
				ONLY_ACTIVE_ARCH = YES;
				SDKROOT = macosx;
			};
			name = Debug;
		};
		189E64E21A6414AA0056BBC4 /* Release */ = {
			isa = XCBuildConfiguration;
			buildSettings = {
				ALWAYS_SEARCH_USER_PATHS = NO;
				CLANG_CXX_LANGUAGE_STANDARD = "gnu++0x";
				CLANG_CXX_LIBRARY = "libc++";
				CLANG_ENABLE_MODULES = YES;
				CLANG_ENABLE_OBJC_ARC = YES;
				CLANG_WARN_BOOL_CONVERSION = YES;
				CLANG_WARN_CONSTANT_CONVERSION = YES;
				CLANG_WARN_DIRECT_OBJC_ISA_USAGE = YES_ERROR;
				CLANG_WARN_EMPTY_BODY = YES;
				CLANG_WARN_ENUM_CONVERSION = YES;
				CLANG_WARN_INT_CONVERSION = YES;
				CLANG_WARN_OBJC_ROOT_CLASS = YES_ERROR;
				CLANG_WARN_UNREACHABLE_CODE = YES;
				CLANG_WARN__DUPLICATE_METHOD_MATCH = YES;
				COPY_PHASE_STRIP = YES;
				DEBUG_INFORMATION_FORMAT = "dwarf-with-dsym";
				ENABLE_NS_ASSERTIONS = NO;
				ENABLE_STRICT_OBJC_MSGSEND = YES;
				GCC_C_LANGUAGE_STANDARD = gnu99;
				GCC_WARN_64_TO_32_BIT_CONVERSION = YES;
				GCC_WARN_ABOUT_RETURN_TYPE = YES_ERROR;
				GCC_WARN_UNDECLARED_SELECTOR = YES;
				GCC_WARN_UNINITIALIZED_AUTOS = YES_AGGRESSIVE;
				GCC_WARN_UNUSED_FUNCTION = YES;
				GCC_WARN_UNUSED_VARIABLE = YES;
				MACOSX_DEPLOYMENT_TARGET = 10.9;
				MTL_ENABLE_DEBUG_INFO = NO;
				SDKROOT = macosx;
			};
			name = Release;
		};
		189E64E41A6414AA0056BBC4 /* Debug */ = {
			isa = XCBuildConfiguration;
			buildSettings = {
				PRODUCT_NAME = "$(TARGET_NAME)";
			};
			name = Debug;
		};
		189E64E51A6414AA0056BBC4 /* Release */ = {
			isa = XCBuildConfiguration;
			buildSettings = {
				PRODUCT_NAME = "$(TARGET_NAME)";
			};
			name = Release;
		};
/* End XCBuildConfiguration section */

/* Begin XCConfigurationList section */
		189E64D71A6414AA0056BBC4 /* Build configuration list for PBXProject "DelegateTest" */ = {
			isa = XCConfigurationList;
			buildConfigurations = (
				189E64E11A6414AA0056BBC4 /* Debug */,
				189E64E21A6414AA0056BBC4 /* Release */,
			);
			defaultConfigurationIsVisible = 0;
			defaultConfigurationName = Release;
		};
		189E64E31A6414AA0056BBC4 /* Build configuration list for PBXNativeTarget "DelegateTest" */ = {
			isa = XCConfigurationList;
			buildConfigurations = (
				189E64E41A6414AA0056BBC4 /* Debug */,
				189E64E51A6414AA0056BBC4 /* Release */,
			);
			defaultConfigurationIsVisible = 0;
			defaultConfigurationName = Release;
		};
/* End XCConfigurationList section */
	};
	rootObject = 189E64D41A6414AA0056BBC4 /* Project object */;
}
